
Microsoft Visual Studio Solution File, Format Version 12.00
# Visual Studio Version 16
VisualStudioVersion = 16.0.30320.27
MinimumVisualStudioVersion = 10.0.40219.1
Project("{FAE04EC0-301F-11D3-BF4B-00C04F79EFBC}") = "SonarRepros", "SonarRepros\SonarRepros.csproj", "{FD5320BA-5044-4F29-BFAF-91689AD8B4ED}"
EndProject
Global
	GlobalSection(SolutionConfigurationPlatforms) = preSolution
		Debug|Any CPU = Debug|Any CPU
		Release|Any CPU = Release|Any CPU
	EndGlobalSection
	GlobalSection(ProjectConfigurationPlatforms) = postSolution
		{FD5320BA-5044-4F29-BFAF-91689AD8B4ED}.Debug|Any CPU.ActiveCfg = Debug|Any CPU
		{FD5320BA-5044-4F29-BFAF-91689AD8B4ED}.Debug|Any CPU.Build.0 = Debug|Any CPU
		{FD5320BA-5044-4F29-BFAF-91689AD8B4ED}.Release|Any CPU.ActiveCfg = Release|Any CPU
		{FD5320BA-5044-4F29-BFAF-91689AD8B4ED}.Release|Any CPU.Build.0 = Release|Any CPU
	EndGlobalSection
	GlobalSection(SolutionProperties) = preSolution
		HideSolutionNode = FALSE
	EndGlobalSection
	GlobalSection(ExtensibilityGlobals) = postSolution
		SolutionGuid = {03439507-09A3-40F0-B3F2-0CF8F85CFA7A}
	EndGlobalSection
EndGlobal
